// !$*UTF8*$!
{
	archiveVersion = 1;
	classes = {
	};
	objectVersion = 56;
	objects = {

/* Begin PBXBuildFile section */
		BB8A6A922BBC8F4F007A33D3 /* queue.tpp in Sources */ = {isa = PBXBuildFile; fileRef = BB8A6A902BBC8F4F007A33D3 /* queue.tpp */; };
		BB8A6AB02BBC9447007A33D3 /* dlinked-list.tpp in Sources */ = {isa = PBXBuildFile; fileRef = BB8A6AAF2BBC9447007A33D3 /* dlinked-list.tpp */; };
		BB8A6AB32BBCDF46007A33D3 /* stack.tpp in Sources */ = {isa = PBXBuildFile; fileRef = BB8A6AB12BBCDF46007A33D3 /* stack.tpp */; };
		BB8A6AB62BBCE975007A33D3 /* bst.tpp in Sources */ = {isa = PBXBuildFile; fileRef = BB8A6AB42BBCE975007A33D3 /* bst.tpp */; };
		BB8A6ABD2BBD93CC007A33D3 /* linked-list.h in Sources */ = {isa = PBXBuildFile; fileRef = BB8A6ABC2BBD93CC007A33D3 /* linked-list.h */; };
		BB8A6ABF2BBD9E04007A33D3 /* dlinked-list.h in Sources */ = {isa = PBXBuildFile; fileRef = BB8A6ABE2BBD9E04007A33D3 /* dlinked-list.h */; };
		BB8A6AC12BBD9F29007A33D3 /* queue.h in Sources */ = {isa = PBXBuildFile; fileRef = BB8A6AC02BBD9F29007A33D3 /* queue.h */; };
		BB8A6AC32BBD9FED007A33D3 /* stack.h in Sources */ = {isa = PBXBuildFile; fileRef = BB8A6AC22BBD9FED007A33D3 /* stack.h */; };
		BB8A6AC52BBDE91F007A33D3 /* bst.h in Sources */ = {isa = PBXBuildFile; fileRef = BB8A6AC42BBDE91F007A33D3 /* bst.h */; };
		BB8A6AC82BC21882007A33D3 /* avl-tree.tpp in Sources */ = {isa = PBXBuildFile; fileRef = BB8A6AC62BC21881007A33D3 /* avl-tree.tpp */; };
		BB8A6ACA2BC21C35007A33D3 /* avl-tree.h in Sources */ = {isa = PBXBuildFile; fileRef = BB8A6AC92BC21C35007A33D3 /* avl-tree.h */; };
		BBE034BB2BBA2EAA0062D008 /* main.cpp in Sources */ = {isa = PBXBuildFile; fileRef = BBE034BA2BBA2EAA0062D008 /* main.cpp */; };
		BBE034CC2BBA35EC0062D008 /* linked-list.tpp in Sources */ = {isa = PBXBuildFile; fileRef = BBE034CA2BBA35EC0062D008 /* linked-list.tpp */; };
/* End PBXBuildFile section */

/* Begin PBXCopyFilesBuildPhase section */
		BBE034B52BBA2EAA0062D008 /* CopyFiles */ = {
			isa = PBXCopyFilesBuildPhase;
			buildActionMask = 2147483647;
			dstPath = /usr/share/man/man1/;
			dstSubfolderSpec = 0;
			files = (
			);
			runOnlyForDeploymentPostprocessing = 1;
		};
/* End PBXCopyFilesBuildPhase section */

/* Begin PBXFileReference section */
		BB8A6A902BBC8F4F007A33D3 /* queue.tpp */ = {isa = PBXFileReference; lastKnownFileType = text; path = queue.tpp; sourceTree = "<group>"; };
		BB8A6A912BBC8F4F007A33D3 /* queue.hpp */ = {isa = PBXFileReference; lastKnownFileType = sourcecode.cpp.h; path = queue.hpp; sourceTree = "<group>"; };
		BB8A6AAF2BBC9447007A33D3 /* dlinked-list.tpp */ = {isa = PBXFileReference; lastKnownFileType = text; path = "dlinked-list.tpp"; sourceTree = "<group>"; };
		BB8A6AB12BBCDF46007A33D3 /* stack.tpp */ = {isa = PBXFileReference; lastKnownFileType = text; path = stack.tpp; sourceTree = "<group>"; };
		BB8A6AB22BBCDF46007A33D3 /* stack.hpp */ = {isa = PBXFileReference; lastKnownFileType = sourcecode.cpp.h; path = stack.hpp; sourceTree = "<group>"; };
		BB8A6AB42BBCE975007A33D3 /* bst.tpp */ = {isa = PBXFileReference; lastKnownFileType = text; path = bst.tpp; sourceTree = "<group>"; };
		BB8A6AB52BBCE975007A33D3 /* bst.hpp */ = {isa = PBXFileReference; lastKnownFileType = sourcecode.cpp.h; path = bst.hpp; sourceTree = "<group>"; };
		BB8A6AB82BBCEF76007A33D3 /* comparable-printable.hpp */ = {isa = PBXFileReference; lastKnownFileType = sourcecode.cpp.h; path = "comparable-printable.hpp"; sourceTree = "<group>"; };
		BB8A6ABC2BBD93CC007A33D3 /* linked-list.h */ = {isa = PBXFileReference; lastKnownFileType = sourcecode.c.h; path = "linked-list.h"; sourceTree = "<group>"; };
		BB8A6ABE2BBD9E04007A33D3 /* dlinked-list.h */ = {isa = PBXFileReference; lastKnownFileType = sourcecode.c.h; path = "dlinked-list.h"; sourceTree = "<group>"; };
		BB8A6AC02BBD9F29007A33D3 /* queue.h */ = {isa = PBXFileReference; lastKnownFileType = sourcecode.c.h; path = queue.h; sourceTree = "<group>"; };
		BB8A6AC22BBD9FED007A33D3 /* stack.h */ = {isa = PBXFileReference; lastKnownFileType = sourcecode.c.h; path = stack.h; sourceTree = "<group>"; };
		BB8A6AC42BBDE91F007A33D3 /* bst.h */ = {isa = PBXFileReference; lastKnownFileType = sourcecode.c.h; path = bst.h; sourceTree = "<group>"; };
		BB8A6AC62BC21881007A33D3 /* avl-tree.tpp */ = {isa = PBXFileReference; lastKnownFileType = text; path = "avl-tree.tpp"; sourceTree = "<group>"; };
		BB8A6AC72BC21881007A33D3 /* avl-tree.hpp */ = {isa = PBXFileReference; lastKnownFileType = sourcecode.cpp.h; path = "avl-tree.hpp"; sourceTree = "<group>"; };
		BB8A6AC92BC21C35007A33D3 /* avl-tree.h */ = {isa = PBXFileReference; lastKnownFileType = sourcecode.c.h; path = "avl-tree.h"; sourceTree = "<group>"; };
		BBC3819A2BBC353E0087666F /* README.md */ = {isa = PBXFileReference; lastKnownFileType = net.daringfireball.markdown; path = README.md; sourceTree = "<group>"; };
		BBE034B72BBA2EAA0062D008 /* data-structures-and-algorithms */ = {isa = PBXFileReference; explicitFileType = "compiled.mach-o.executable"; includeInIndex = 0; path = "data-structures-and-algorithms"; sourceTree = BUILT_PRODUCTS_DIR; };
		BBE034BA2BBA2EAA0062D008 /* main.cpp */ = {isa = PBXFileReference; lastKnownFileType = sourcecode.cpp.cpp; path = main.cpp; sourceTree = "<group>"; };
		BBE034CA2BBA35EC0062D008 /* linked-list.tpp */ = {isa = PBXFileReference; lastKnownFileType = text; path = "linked-list.tpp"; sourceTree = "<group>"; };
		BBE034CB2BBA35EC0062D008 /* linked-list.hpp */ = {isa = PBXFileReference; lastKnownFileType = sourcecode.cpp.h; path = "linked-list.hpp"; sourceTree = "<group>"; };
		BBE034CE2BBA4CA50062D008 /* dlinked-list.hpp */ = {isa = PBXFileReference; lastKnownFileType = sourcecode.cpp.h; path = "dlinked-list.hpp"; sourceTree = "<group>"; };
/* End PBXFileReference section */

/* Begin PBXFrameworksBuildPhase section */
		BBE034B42BBA2EAA0062D008 /* Frameworks */ = {
			isa = PBXFrameworksBuildPhase;
			buildActionMask = 2147483647;
			files = (
			);
			runOnlyForDeploymentPostprocessing = 0;
		};
/* End PBXFrameworksBuildPhase section */

/* Begin PBXGroup section */
		BB8A6ABB2BBD93AA007A33D3 /* harnesses */ = {
			isa = PBXGroup;
			children = (
				BB8A6ABC2BBD93CC007A33D3 /* linked-list.h */,
				BB8A6ABE2BBD9E04007A33D3 /* dlinked-list.h */,
				BB8A6AC02BBD9F29007A33D3 /* queue.h */,
				BB8A6AC22BBD9FED007A33D3 /* stack.h */,
				BB8A6AC42BBDE91F007A33D3 /* bst.h */,
				BB8A6AC92BC21C35007A33D3 /* avl-tree.h */,
			);
			path = harnesses;
			sourceTree = "<group>";
		};
		BBE034AE2BBA2EAA0062D008 = {
			isa = PBXGroup;
			children = (
				BBC3819A2BBC353E0087666F /* README.md */,
				BBE034C52BBA30620062D008 /* src */,
				BBE034BA2BBA2EAA0062D008 /* main.cpp */,
				BBE034B82BBA2EAA0062D008 /* Products */,
			);
			sourceTree = "<group>";
		};
		BBE034B82BBA2EAA0062D008 /* Products */ = {
			isa = PBXGroup;
			children = (
				BBE034B72BBA2EAA0062D008 /* data-structures-and-algorithms */,
			);
			name = Products;
			sourceTree = "<group>";
		};
		BBE034C52BBA30620062D008 /* src */ = {
			isa = PBXGroup;
			children = (
				BB8A6ABB2BBD93AA007A33D3 /* harnesses */,
				BBE034C62BBA30720062D008 /* data-structures */,
			);
			path = src;
			sourceTree = "<group>";
		};
		BBE034C62BBA30720062D008 /* data-structures */ = {
			isa = PBXGroup;
			children = (
				BBE034CA2BBA35EC0062D008 /* linked-list.tpp */,
				BBE034CB2BBA35EC0062D008 /* linked-list.hpp */,
				BB8A6AAF2BBC9447007A33D3 /* dlinked-list.tpp */,
				BBE034CE2BBA4CA50062D008 /* dlinked-list.hpp */,
				BB8A6A902BBC8F4F007A33D3 /* queue.tpp */,
				BB8A6A912BBC8F4F007A33D3 /* queue.hpp */,
				BB8A6AB12BBCDF46007A33D3 /* stack.tpp */,
				BB8A6AB22BBCDF46007A33D3 /* stack.hpp */,
				BB8A6AB42BBCE975007A33D3 /* bst.tpp */,
				BB8A6AB52BBCE975007A33D3 /* bst.hpp */,
				BB8A6AB82BBCEF76007A33D3 /* comparable-printable.hpp */,
				BB8A6AC62BC21881007A33D3 /* avl-tree.tpp */,
				BB8A6AC72BC21881007A33D3 /* avl-tree.hpp */,
			);
			path = "data-structures";
			sourceTree = "<group>";
		};
/* End PBXGroup section */

/* Begin PBXNativeTarget section */
		BBE034B62BBA2EAA0062D008 /* data-structures-and-algorithms */ = {
			isa = PBXNativeTarget;
			buildConfigurationList = BBE034BE2BBA2EAA0062D008 /* Build configuration list for PBXNativeTarget "data-structures-and-algorithms" */;
			buildPhases = (
				BBE034B32BBA2EAA0062D008 /* Sources */,
				BBE034B42BBA2EAA0062D008 /* Frameworks */,
				BBE034B52BBA2EAA0062D008 /* CopyFiles */,
			);
			buildRules = (
			);
			dependencies = (
			);
			name = "data-structures-and-algorithms";
			productName = "Data Structures and Algorithms";
			productReference = BBE034B72BBA2EAA0062D008 /* data-structures-and-algorithms */;
			productType = "com.apple.product-type.tool";
		};
/* End PBXNativeTarget section */

/* Begin PBXProject section */
		BBE034AF2BBA2EAA0062D008 /* Project object */ = {
			isa = PBXProject;
			attributes = {
				BuildIndependentTargetsInParallel = 1;
				LastUpgradeCheck = 1510;
				TargetAttributes = {
					BBE034B62BBA2EAA0062D008 = {
						CreatedOnToolsVersion = 15.1;
					};
				};
			};
			buildConfigurationList = BBE034B22BBA2EAA0062D008 /* Build configuration list for PBXProject "data-structures-and-algorithms" */;
			compatibilityVersion = "Xcode 14.0";
			developmentRegion = en;
			hasScannedForEncodings = 0;
			knownRegions = (
				en,
				Base,
			);
			mainGroup = BBE034AE2BBA2EAA0062D008;
			productRefGroup = BBE034B82BBA2EAA0062D008 /* Products */;
			projectDirPath = "";
			projectRoot = "";
			targets = (
				BBE034B62BBA2EAA0062D008 /* data-structures-and-algorithms */,
			);
		};
/* End PBXProject section */

/* Begin PBXSourcesBuildPhase section */
		BBE034B32BBA2EAA0062D008 /* Sources */ = {
			isa = PBXSourcesBuildPhase;
			buildActionMask = 2147483647;
			files = (
				BBE034CC2BBA35EC0062D008 /* linked-list.tpp in Sources */,
				BB8A6AC82BC21882007A33D3 /* avl-tree.tpp in Sources */,
				BB8A6AB02BBC9447007A33D3 /* dlinked-list.tpp in Sources */,
				BBE034BB2BBA2EAA0062D008 /* main.cpp in Sources */,
				BB8A6ACA2BC21C35007A33D3 /* avl-tree.h in Sources */,
				BB8A6AB62BBCE975007A33D3 /* bst.tpp in Sources */,
				BB8A6AC52BBDE91F007A33D3 /* bst.h in Sources */,
				BB8A6ABD2BBD93CC007A33D3 /* linked-list.h in Sources */,
				BB8A6AC12BBD9F29007A33D3 /* queue.h in Sources */,
				BB8A6ABF2BBD9E04007A33D3 /* dlinked-list.h in Sources */,
				BB8A6AB32BBCDF46007A33D3 /* stack.tpp in Sources */,
				BB8A6AC32BBD9FED007A33D3 /* stack.h in Sources */,
				BB8A6A922BBC8F4F007A33D3 /* queue.tpp in Sources */,
			);
			runOnlyForDeploymentPostprocessing = 0;
		};
/* End PBXSourcesBuildPhase section */

/* Begin XCBuildConfiguration section */
		BBE034BC2BBA2EAA0062D008 /* Debug */ = {
			isa = XCBuildConfiguration;
			buildSettings = {
				ALWAYS_SEARCH_USER_PATHS = NO;
				ASSETCATALOG_COMPILER_GENERATE_SWIFT_ASSET_SYMBOL_EXTENSIONS = YES;
				CLANG_ANALYZER_NONNULL = YES;
				CLANG_ANALYZER_NUMBER_OBJECT_CONVERSION = YES_AGGRESSIVE;
				CLANG_CXX_LANGUAGE_STANDARD = "gnu++20";
				CLANG_ENABLE_MODULES = YES;
				CLANG_ENABLE_OBJC_ARC = YES;
				CLANG_ENABLE_OBJC_WEAK = YES;
				CLANG_WARN_BLOCK_CAPTURE_AUTORELEASING = YES;
				CLANG_WARN_BOOL_CONVERSION = YES;
				CLANG_WARN_COMMA = YES;
				CLANG_WARN_CONSTANT_CONVERSION = YES;
				CLANG_WARN_DEPRECATED_OBJC_IMPLEMENTATIONS = YES;
				CLANG_WARN_DIRECT_OBJC_ISA_USAGE = YES_ERROR;
				CLANG_WARN_DOCUMENTATION_COMMENTS = YES;
				CLANG_WARN_EMPTY_BODY = YES;
				CLANG_WARN_ENUM_CONVERSION = YES;
				CLANG_WARN_INFINITE_RECURSION = YES;
				CLANG_WARN_INT_CONVERSION = YES;
				CLANG_WARN_NON_LITERAL_NULL_CONVERSION = YES;
				CLANG_WARN_OBJC_IMPLICIT_RETAIN_SELF = YES;
				CLANG_WARN_OBJC_LITERAL_CONVERSION = YES;
				CLANG_WARN_OBJC_ROOT_CLASS = YES_ERROR;
				CLANG_WARN_QUOTED_INCLUDE_IN_FRAMEWORK_HEADER = YES;
				CLANG_WARN_RANGE_LOOP_ANALYSIS = YES;
				CLANG_WARN_STRICT_PROTOTYPES = YES;
				CLANG_WARN_SUSPICIOUS_MOVE = YES;
				CLANG_WARN_UNGUARDED_AVAILABILITY = YES_AGGRESSIVE;
				CLANG_WARN_UNREACHABLE_CODE = YES;
				CLANG_WARN__DUPLICATE_METHOD_MATCH = YES;
				COPY_PHASE_STRIP = NO;
				DEBUG_INFORMATION_FORMAT = dwarf;
				ENABLE_STRICT_OBJC_MSGSEND = YES;
				ENABLE_TESTABILITY = YES;
				ENABLE_USER_SCRIPT_SANDBOXING = YES;
				GCC_C_LANGUAGE_STANDARD = gnu17;
				GCC_DYNAMIC_NO_PIC = NO;
				GCC_NO_COMMON_BLOCKS = YES;
				GCC_OPTIMIZATION_LEVEL = 0;
				GCC_PREPROCESSOR_DEFINITIONS = (
					"DEBUG=1",
					"$(inherited)",
				);
				GCC_WARN_64_TO_32_BIT_CONVERSION = YES;
				GCC_WARN_ABOUT_RETURN_TYPE = YES_ERROR;
				GCC_WARN_UNDECLARED_SELECTOR = YES;
				GCC_WARN_UNINITIALIZED_AUTOS = YES_AGGRESSIVE;
				GCC_WARN_UNUSED_FUNCTION = YES;
				GCC_WARN_UNUSED_VARIABLE = YES;
				LOCALIZATION_PREFERS_STRING_CATALOGS = YES;
				MACOSX_DEPLOYMENT_TARGET = 13.6;
				MTL_ENABLE_DEBUG_INFO = INCLUDE_SOURCE;
				MTL_FAST_MATH = YES;
				ONLY_ACTIVE_ARCH = YES;
				SDKROOT = macosx;
			};
			name = Debug;
		};
		BBE034BD2BBA2EAA0062D008 /* Release */ = {
			isa = XCBuildConfiguration;
			buildSettings = {
				ALWAYS_SEARCH_USER_PATHS = NO;
				ASSETCATALOG_COMPILER_GENERATE_SWIFT_ASSET_SYMBOL_EXTENSIONS = YES;
				CLANG_ANALYZER_NONNULL = YES;
				CLANG_ANALYZER_NUMBER_OBJECT_CONVERSION = YES_AGGRESSIVE;
				CLANG_CXX_LANGUAGE_STANDARD = "gnu++20";
				CLANG_ENABLE_MODULES = YES;
				CLANG_ENABLE_OBJC_ARC = YES;
				CLANG_ENABLE_OBJC_WEAK = YES;
				CLANG_WARN_BLOCK_CAPTURE_AUTORELEASING = YES;
				CLANG_WARN_BOOL_CONVERSION = YES;
				CLANG_WARN_COMMA = YES;
				CLANG_WARN_CONSTANT_CONVERSION = YES;
				CLANG_WARN_DEPRECATED_OBJC_IMPLEMENTATIONS = YES;
				CLANG_WARN_DIRECT_OBJC_ISA_USAGE = YES_ERROR;
				CLANG_WARN_DOCUMENTATION_COMMENTS = YES;
				CLANG_WARN_EMPTY_BODY = YES;
				CLANG_WARN_ENUM_CONVERSION = YES;
				CLANG_WARN_INFINITE_RECURSION = YES;
				CLANG_WARN_INT_CONVERSION = YES;
				CLANG_WARN_NON_LITERAL_NULL_CONVERSION = YES;
				CLANG_WARN_OBJC_IMPLICIT_RETAIN_SELF = YES;
				CLANG_WARN_OBJC_LITERAL_CONVERSION = YES;
				CLANG_WARN_OBJC_ROOT_CLASS = YES_ERROR;
				CLANG_WARN_QUOTED_INCLUDE_IN_FRAMEWORK_HEADER = YES;
				CLANG_WARN_RANGE_LOOP_ANALYSIS = YES;
				CLANG_WARN_STRICT_PROTOTYPES = YES;
				CLANG_WARN_SUSPICIOUS_MOVE = YES;
				CLANG_WARN_UNGUARDED_AVAILABILITY = YES_AGGRESSIVE;
				CLANG_WARN_UNREACHABLE_CODE = YES;
				CLANG_WARN__DUPLICATE_METHOD_MATCH = YES;
				COPY_PHASE_STRIP = NO;
				DEBUG_INFORMATION_FORMAT = "dwarf-with-dsym";
				ENABLE_NS_ASSERTIONS = NO;
				ENABLE_STRICT_OBJC_MSGSEND = YES;
				ENABLE_USER_SCRIPT_SANDBOXING = YES;
				GCC_C_LANGUAGE_STANDARD = gnu17;
				GCC_NO_COMMON_BLOCKS = YES;
				GCC_WARN_64_TO_32_BIT_CONVERSION = YES;
				GCC_WARN_ABOUT_RETURN_TYPE = YES_ERROR;
				GCC_WARN_UNDECLARED_SELECTOR = YES;
				GCC_WARN_UNINITIALIZED_AUTOS = YES_AGGRESSIVE;
				GCC_WARN_UNUSED_FUNCTION = YES;
				GCC_WARN_UNUSED_VARIABLE = YES;
				LOCALIZATION_PREFERS_STRING_CATALOGS = YES;
				MACOSX_DEPLOYMENT_TARGET = 13.6;
				MTL_ENABLE_DEBUG_INFO = NO;
				MTL_FAST_MATH = YES;
				SDKROOT = macosx;
			};
			name = Release;
		};
		BBE034BF2BBA2EAA0062D008 /* Debug */ = {
			isa = XCBuildConfiguration;
			buildSettings = {
				CODE_SIGN_STYLE = Automatic;
				"OTHER_CFLAGS[arch=*]" = "-I/Users/bdxn/Documents/2024-interview-prep/projects/dsa/src/";
				"OTHER_CPLUSPLUSFLAGS[arch=*]" = "-I/Users/bdxn/Documents/2024-interview-prep/projects/dsa/src/";
				PRODUCT_NAME = "$(TARGET_NAME)";
			};
			name = Debug;
		};
		BBE034C02BBA2EAA0062D008 /* Release */ = {
			isa = XCBuildConfiguration;
			buildSettings = {
				CODE_SIGN_STYLE = Automatic;
				"OTHER_CFLAGS[arch=*]" = "-I/Users/bdxn/Documents/2024-interview-prep/projects/dsa/src/";
				"OTHER_CPLUSPLUSFLAGS[arch=*]" = "-I/Users/bdxn/Documents/2024-interview-prep/projects/dsa/src/";
				PRODUCT_NAME = "$(TARGET_NAME)";
			};
			name = Release;
		};
/* End XCBuildConfiguration section */

/* Begin XCConfigurationList section */
		BBE034B22BBA2EAA0062D008 /* Build configuration list for PBXProject "data-structures-and-algorithms" */ = {
			isa = XCConfigurationList;
			buildConfigurations = (
				BBE034BC2BBA2EAA0062D008 /* Debug */,
				BBE034BD2BBA2EAA0062D008 /* Release */,
			);
			defaultConfigurationIsVisible = 0;
			defaultConfigurationName = Release;
		};
		BBE034BE2BBA2EAA0062D008 /* Build configuration list for PBXNativeTarget "data-structures-and-algorithms" */ = {
			isa = XCConfigurationList;
			buildConfigurations = (
				BBE034BF2BBA2EAA0062D008 /* Debug */,
				BBE034C02BBA2EAA0062D008 /* Release */,
			);
			defaultConfigurationIsVisible = 0;
			defaultConfigurationName = Release;
		};
/* End XCConfigurationList section */
	};
	rootObject = BBE034AF2BBA2EAA0062D008 /* Project object */;
}
